// !$*UTF8*$!
{
	archiveVersion = 1;
	classes = {
	};
	objectVersion = 50;
	objects = {

/* Begin PBXBuildFile section */
		B0198DC724E985FE001CD858 /* AppDelegate.swift in Sources */ = {isa = PBXBuildFile; fileRef = B0198DC624E985FE001CD858 /* AppDelegate.swift */; };
		B0198DC924E985FE001CD858 /* SceneDelegate.swift in Sources */ = {isa = PBXBuildFile; fileRef = B0198DC824E985FE001CD858 /* SceneDelegate.swift */; };
		B0198DCB24E985FE001CD858 /* ViewController.swift in Sources */ = {isa = PBXBuildFile; fileRef = B0198DCA24E985FE001CD858 /* ViewController.swift */; };
		B0198DCE24E985FE001CD858 /* Main.storyboard in Resources */ = {isa = PBXBuildFile; fileRef = B0198DCC24E985FE001CD858 /* Main.storyboard */; };
		B0198DD124E985FE001CD858 /* FTNews.xcdatamodeld in Sources */ = {isa = PBXBuildFile; fileRef = B0198DCF24E985FE001CD858 /* FTNews.xcdatamodeld */; };
		B0198DD324E98603001CD858 /* Assets.xcassets in Resources */ = {isa = PBXBuildFile; fileRef = B0198DD224E98603001CD858 /* Assets.xcassets */; };
		B0198DD624E98603001CD858 /* LaunchScreen.storyboard in Resources */ = {isa = PBXBuildFile; fileRef = B0198DD424E98603001CD858 /* LaunchScreen.storyboard */; };
/* End PBXBuildFile section */

/* Begin PBXFileReference section */
		B0198DC324E985FE001CD858 /* FTNews.app */ = {isa = PBXFileReference; explicitFileType = wrapper.application; includeInIndex = 0; path = FTNews.app; sourceTree = BUILT_PRODUCTS_DIR; };
		B0198DC624E985FE001CD858 /* AppDelegate.swift */ = {isa = PBXFileReference; lastKnownFileType = sourcecode.swift; path = AppDelegate.swift; sourceTree = "<group>"; };
		B0198DC824E985FE001CD858 /* SceneDelegate.swift */ = {isa = PBXFileReference; lastKnownFileType = sourcecode.swift; path = SceneDelegate.swift; sourceTree = "<group>"; };
		B0198DCA24E985FE001CD858 /* ViewController.swift */ = {isa = PBXFileReference; lastKnownFileType = sourcecode.swift; path = ViewController.swift; sourceTree = "<group>"; };
		B0198DCD24E985FE001CD858 /* Base */ = {isa = PBXFileReference; lastKnownFileType = file.storyboard; name = Base; path = Base.lproj/Main.storyboard; sourceTree = "<group>"; };
		B0198DD024E985FE001CD858 /* FTNews.xcdatamodel */ = {isa = PBXFileReference; lastKnownFileType = wrapper.xcdatamodel; path = FTNews.xcdatamodel; sourceTree = "<group>"; };
		B0198DD224E98603001CD858 /* Assets.xcassets */ = {isa = PBXFileReference; lastKnownFileType = folder.assetcatalog; path = Assets.xcassets; sourceTree = "<group>"; };
		B0198DD524E98603001CD858 /* Base */ = {isa = PBXFileReference; lastKnownFileType = file.storyboard; name = Base; path = Base.lproj/LaunchScreen.storyboard; sourceTree = "<group>"; };
		B0198DD724E98603001CD858 /* Info.plist */ = {isa = PBXFileReference; lastKnownFileType = text.plist.xml; path = Info.plist; sourceTree = "<group>"; };
/* End PBXFileReference section */

/* Begin PBXFrameworksBuildPhase section */
		B0198DC024E985FE001CD858 /* Frameworks */ = {
			isa = PBXFrameworksBuildPhase;
			buildActionMask = 2147483647;
			files = (
			);
			runOnlyForDeploymentPostprocessing = 0;
		};
/* End PBXFrameworksBuildPhase section */

/* Begin PBXGroup section */
		B0198DBA24E985FE001CD858 = {
			isa = PBXGroup;
			children = (
				B0198DC524E985FE001CD858 /* FTNews */,
				B0198DC424E985FE001CD858 /* Products */,
			);
			sourceTree = "<group>";
		};
		B0198DC424E985FE001CD858 /* Products */ = {
			isa = PBXGroup;
			children = (
				B0198DC324E985FE001CD858 /* FTNews.app */,
			);
			name = Products;
			sourceTree = "<group>";
		};
		B0198DC524E985FE001CD858 /* FTNews */ = {
			isa = PBXGroup;
			children = (
				B0198DC624E985FE001CD858 /* AppDelegate.swift */,
				B0198DC824E985FE001CD858 /* SceneDelegate.swift */,
				B0198DCA24E985FE001CD858 /* ViewController.swift */,
				B0198DCC24E985FE001CD858 /* Main.storyboard */,
				B0198DD224E98603001CD858 /* Assets.xcassets */,
				B0198DD424E98603001CD858 /* LaunchScreen.storyboard */,
				B0198DD724E98603001CD858 /* Info.plist */,
				B0198DCF24E985FE001CD858 /* FTNews.xcdatamodeld */,
			);
			path = FTNews;
			sourceTree = "<group>";
		};
/* End PBXGroup section */

/* Begin PBXNativeTarget section */
		B0198DC224E985FE001CD858 /* FTNews */ = {
			isa = PBXNativeTarget;
			buildConfigurationList = B0198DDA24E98603001CD858 /* Build configuration list for PBXNativeTarget "FTNews" */;
			buildPhases = (
				B0198DBF24E985FE001CD858 /* Sources */,
				B0198DC024E985FE001CD858 /* Frameworks */,
				B0198DC124E985FE001CD858 /* Resources */,
			);
			buildRules = (
			);
			dependencies = (
			);
			name = FTNews;
			productName = FTNews;
			productReference = B0198DC324E985FE001CD858 /* FTNews.app */;
			productType = "com.apple.product-type.application";
		};
/* End PBXNativeTarget section */

/* Begin PBXProject section */
		B0198DBB24E985FE001CD858 /* Project object */ = {
			isa = PBXProject;
			attributes = {
				LastSwiftUpdateCheck = 1160;
				LastUpgradeCheck = 1160;
				ORGANIZATIONNAME = "Леганов Андрей";
				TargetAttributes = {
					B0198DC224E985FE001CD858 = {
						CreatedOnToolsVersion = 11.6;
					};
				};
			};
			buildConfigurationList = B0198DBE24E985FE001CD858 /* Build configuration list for PBXProject "FTNews" */;
			compatibilityVersion = "Xcode 9.3";
			developmentRegion = en;
			hasScannedForEncodings = 0;
			knownRegions = (
				en,
				Base,
			);
			mainGroup = B0198DBA24E985FE001CD858;
			productRefGroup = B0198DC424E985FE001CD858 /* Products */;
			projectDirPath = "";
			projectRoot = "";
			targets = (
				B0198DC224E985FE001CD858 /* FTNews */,
			);
		};
/* End PBXProject section */

/* Begin PBXResourcesBuildPhase section */
		B0198DC124E985FE001CD858 /* Resources */ = {
			isa = PBXResourcesBuildPhase;
			buildActionMask = 2147483647;
			files = (
				B0198DD624E98603001CD858 /* LaunchScreen.storyboard in Resources */,
				B0198DD324E98603001CD858 /* Assets.xcassets in Resources */,
				B0198DCE24E985FE001CD858 /* Main.storyboard in Resources */,
			);
			runOnlyForDeploymentPostprocessing = 0;
		};
/* End PBXResourcesBuildPhase section */

/* Begin PBXSourcesBuildPhase section */
		B0198DBF24E985FE001CD858 /* Sources */ = {
			isa = PBXSourcesBuildPhase;
			buildActionMask = 2147483647;
			files = (
				B0198DCB24E985FE001CD858 /* ViewController.swift in Sources */,
				B0198DC724E985FE001CD858 /* AppDelegate.swift in Sources */,
				B0198DD124E985FE001CD858 /* FTNews.xcdatamodeld in Sources */,
				B0198DC924E985FE001CD858 /* SceneDelegate.swift in Sources */,
			);
			runOnlyForDeploymentPostprocessing = 0;
		};
/* End PBXSourcesBuildPhase section */

/* Begin PBXVariantGroup section */
		B0198DCC24E985FE001CD858 /* Main.storyboard */ = {
			isa = PBXVariantGroup;
			children = (
				B0198DCD24E985FE001CD858 /* Base */,
			);
			name = Main.storyboard;
			sourceTree = "<group>";
		};
		B0198DD424E98603001CD858 /* LaunchScreen.storyboard */ = {
			isa = PBXVariantGroup;
			children = (
				B0198DD524E98603001CD858 /* Base */,
			);
			name = LaunchScreen.storyboard;
			sourceTree = "<group>";
		};
/* End PBXVariantGroup section */

/* Begin XCBuildConfiguration section */
		B0198DD824E98603001CD858 /* Debug */ = {
			isa = XCBuildConfiguration;
			buildSettings = {
				ALWAYS_SEARCH_USER_PATHS = NO;
				CLANG_ANALYZER_NONNULL = YES;
				CLANG_ANALYZER_NUMBER_OBJECT_CONVERSION = YES_AGGRESSIVE;
				CLANG_CXX_LANGUAGE_STANDARD = "gnu++14";
				CLANG_CXX_LIBRARY = "libc++";
				CLANG_ENABLE_MODULES = YES;
				CLANG_ENABLE_OBJC_ARC = YES;
				CLANG_ENABLE_OBJC_WEAK = YES;
				CLANG_WARN_BLOCK_CAPTURE_AUTORELEASING = YES;
				CLANG_WARN_BOOL_CONVERSION = YES;
				CLANG_WARN_COMMA = YES;
				CLANG_WARN_CONSTANT_CONVERSION = YES;
				CLANG_WARN_DEPRECATED_OBJC_IMPLEMENTATIONS = YES;
				CLANG_WARN_DIRECT_OBJC_ISA_USAGE = YES_ERROR;
				CLANG_WARN_DOCUMENTATION_COMMENTS = YES;
				CLANG_WARN_EMPTY_BODY = YES;
				CLANG_WARN_ENUM_CONVERSION = YES;
				CLANG_WARN_INFINITE_RECURSION = YES;
				CLANG_WARN_INT_CONVERSION = YES;
				CLANG_WARN_NON_LITERAL_NULL_CONVERSION = YES;
				CLANG_WARN_OBJC_IMPLICIT_RETAIN_SELF = YES;
				CLANG_WARN_OBJC_LITERAL_CONVERSION = YES;
				CLANG_WARN_OBJC_ROOT_CLASS = YES_ERROR;
				CLANG_WARN_RANGE_LOOP_ANALYSIS = YES;
				CLANG_WARN_STRICT_PROTOTYPES = YES;
				CLANG_WARN_SUSPICIOUS_MOVE = YES;
				CLANG_WARN_UNGUARDED_AVAILABILITY = YES_AGGRESSIVE;
				CLANG_WARN_UNREACHABLE_CODE = YES;
				CLANG_WARN__DUPLICATE_METHOD_MATCH = YES;
				COPY_PHASE_STRIP = NO;
				DEBUG_INFORMATION_FORMAT = dwarf;
				ENABLE_STRICT_OBJC_MSGSEND = YES;
				ENABLE_TESTABILITY = YES;
				GCC_C_LANGUAGE_STANDARD = gnu11;
				GCC_DYNAMIC_NO_PIC = NO;
				GCC_NO_COMMON_BLOCKS = YES;
				GCC_OPTIMIZATION_LEVEL = 0;
				GCC_PREPROCESSOR_DEFINITIONS = (
					"DEBUG=1",
					"$(inherited)",
				);
				GCC_WARN_64_TO_32_BIT_CONVERSION = YES;
				GCC_WARN_ABOUT_RETURN_TYPE = YES_ERROR;
				GCC_WARN_UNDECLARED_SELECTOR = YES;
				GCC_WARN_UNINITIALIZED_AUTOS = YES_AGGRESSIVE;
				GCC_WARN_UNUSED_FUNCTION = YES;
				GCC_WARN_UNUSED_VARIABLE = YES;
				IPHONEOS_DEPLOYMENT_TARGET = 13.6;
				MTL_ENABLE_DEBUG_INFO = INCLUDE_SOURCE;
				MTL_FAST_MATH = YES;
				ONLY_ACTIVE_ARCH = YES;
				SDKROOT = iphoneos;
				SWIFT_ACTIVE_COMPILATION_CONDITIONS = DEBUG;
				SWIFT_OPTIMIZATION_LEVEL = "-Onone";
			};
			name = Debug;
		};
		B0198DD924E98603001CD858 /* Release */ = {
			isa = XCBuildConfiguration;
			buildSettings = {
				ALWAYS_SEARCH_USER_PATHS = NO;
				CLANG_ANALYZER_NONNULL = YES;
				CLANG_ANALYZER_NUMBER_OBJECT_CONVERSION = YES_AGGRESSIVE;
				CLANG_CXX_LANGUAGE_STANDARD = "gnu++14";
				CLANG_CXX_LIBRARY = "libc++";
				CLANG_ENABLE_MODULES = YES;
				CLANG_ENABLE_OBJC_ARC = YES;
				CLANG_ENABLE_OBJC_WEAK = YES;
				CLANG_WARN_BLOCK_CAPTURE_AUTORELEASING = YES;
				CLANG_WARN_BOOL_CONVERSION = YES;
				CLANG_WARN_COMMA = YES;
				CLANG_WARN_CONSTANT_CONVERSION = YES;
				CLANG_WARN_DEPRECATED_OBJC_IMPLEMENTATIONS = YES;
				CLANG_WARN_DIRECT_OBJC_ISA_USAGE = YES_ERROR;
				CLANG_WARN_DOCUMENTATION_COMMENTS = YES;
				CLANG_WARN_EMPTY_BODY = YES;
				CLANG_WARN_ENUM_CONVERSION = YES;
				CLANG_WARN_INFINITE_RECURSION = YES;
				CLANG_WARN_INT_CONVERSION = YES;
				CLANG_WARN_NON_LITERAL_NULL_CONVERSION = YES;
				CLANG_WARN_OBJC_IMPLICIT_RETAIN_SELF = YES;
				CLANG_WARN_OBJC_LITERAL_CONVERSION = YES;
				CLANG_WARN_OBJC_ROOT_CLASS = YES_ERROR;
				CLANG_WARN_RANGE_LOOP_ANALYSIS = YES;
				CLANG_WARN_STRICT_PROTOTYPES = YES;
				CLANG_WARN_SUSPICIOUS_MOVE = YES;
				CLANG_WARN_UNGUARDED_AVAILABILITY = YES_AGGRESSIVE;
				CLANG_WARN_UNREACHABLE_CODE = YES;
				CLANG_WARN__DUPLICATE_METHOD_MATCH = YES;
				COPY_PHASE_STRIP = NO;
				DEBUG_INFORMATION_FORMAT = "dwarf-with-dsym";
				ENABLE_NS_ASSERTIONS = NO;
				ENABLE_STRICT_OBJC_MSGSEND = YES;
				GCC_C_LANGUAGE_STANDARD = gnu11;
				GCC_NO_COMMON_BLOCKS = YES;
				GCC_WARN_64_TO_32_BIT_CONVERSION = YES;
				GCC_WARN_ABOUT_RETURN_TYPE = YES_ERROR;
				GCC_WARN_UNDECLARED_SELECTOR = YES;
				GCC_WARN_UNINITIALIZED_AUTOS = YES_AGGRESSIVE;
				GCC_WARN_UNUSED_FUNCTION = YES;
				GCC_WARN_UNUSED_VARIABLE = YES;
				IPHONEOS_DEPLOYMENT_TARGET = 13.6;
				MTL_ENABLE_DEBUG_INFO = NO;
				MTL_FAST_MATH = YES;
				SDKROOT = iphoneos;
				SWIFT_COMPILATION_MODE = wholemodule;
				SWIFT_OPTIMIZATION_LEVEL = "-O";
				VALIDATE_PRODUCT = YES;
			};
			name = Release;
		};
		B0198DDB24E98603001CD858 /* Debug */ = {
			isa = XCBuildConfiguration;
			buildSettings = {
				ASSETCATALOG_COMPILER_APPICON_NAME = AppIcon;
				CODE_SIGN_STYLE = Automatic;
				DEVELOPMENT_TEAM = ZMQ4ZK98M9;
				INFOPLIST_FILE = FTNews/Info.plist;
				LD_RUNPATH_SEARCH_PATHS = (
					"$(inherited)",
					"@executable_path/Frameworks",
				);
				PRODUCT_BUNDLE_IDENTIFIER = andreyleganov.FTNews;
				PRODUCT_NAME = "$(TARGET_NAME)";
				SWIFT_VERSION = 5.0;
				TARGETED_DEVICE_FAMILY = "1,2";
			};
			name = Debug;
		};
		B0198DDC24E98603001CD858 /* Release */ = {
			isa = XCBuildConfiguration;
			buildSettings = {
				ASSETCATALOG_COMPILER_APPICON_NAME = AppIcon;
				CODE_SIGN_STYLE = Automatic;
				DEVELOPMENT_TEAM = ZMQ4ZK98M9;
				INFOPLIST_FILE = FTNews/Info.plist;
				LD_RUNPATH_SEARCH_PATHS = (
					"$(inherited)",
					"@executable_path/Frameworks",
				);
				PRODUCT_BUNDLE_IDENTIFIER = andreyleganov.FTNews;
				PRODUCT_NAME = "$(TARGET_NAME)";
				SWIFT_VERSION = 5.0;
				TARGETED_DEVICE_FAMILY = "1,2";
			};
			name = Release;
		};
/* End XCBuildConfiguration section */

/* Begin XCConfigurationList section */
		B0198DBE24E985FE001CD858 /* Build configuration list for PBXProject "FTNews" */ = {
			isa = XCConfigurationList;
			buildConfigurations = (
				B0198DD824E98603001CD858 /* Debug */,
				B0198DD924E98603001CD858 /* Release */,
			);
			defaultConfigurationIsVisible = 0;
			defaultConfigurationName = Release;
		};
		B0198DDA24E98603001CD858 /* Build configuration list for PBXNativeTarget "FTNews" */ = {
			isa = XCConfigurationList;
			buildConfigurations = (
				B0198DDB24E98603001CD858 /* Debug */,
				B0198DDC24E98603001CD858 /* Release */,
			);
			defaultConfigurationIsVisible = 0;
			defaultConfigurationName = Release;
		};
/* End XCConfigurationList section */

/* Begin XCVersionGroup section */
		B0198DCF24E985FE001CD858 /* FTNews.xcdatamodeld */ = {
			isa = XCVersionGroup;
			children = (
				B0198DD024E985FE001CD858 /* FTNews.xcdatamodel */,
			);
			currentVersion = B0198DD024E985FE001CD858 /* FTNews.xcdatamodel */;
			path = FTNews.xcdatamodeld;
			sourceTree = "<group>";
			versionGroupType = wrapper.xcdatamodel;
		};
/* End XCVersionGroup section */
	};
	rootObject = B0198DBB24E985FE001CD858 /* Project object */;
}
