// !$*UTF8*$!
{
	archiveVersion = 1;
	classes = {
	};
	objectVersion = 51;
	objects = {

/* Begin PBXBuildFile section */
		4AE6C0C1D28B1C34103C4783 /* Pods_FTNews.framework in Frameworks */ = {isa = PBXBuildFile; fileRef = C03527C1C6C35B691F108B4F /* Pods_FTNews.framework */; };
		B0198DC724E985FE001CD858 /* AppDelegate.swift in Sources */ = {isa = PBXBuildFile; fileRef = B0198DC624E985FE001CD858 /* AppDelegate.swift */; };
		B0198DD124E985FE001CD858 /* FTNews.xcdatamodeld in Sources */ = {isa = PBXBuildFile; fileRef = B0198DCF24E985FE001CD858 /* FTNews.xcdatamodeld */; };
		B0198DD324E98603001CD858 /* Assets.xcassets in Resources */ = {isa = PBXBuildFile; fileRef = B0198DD224E98603001CD858 /* Assets.xcassets */; };
		B0198DD624E98603001CD858 /* LaunchScreen.storyboard in Resources */ = {isa = PBXBuildFile; fileRef = B0198DD424E98603001CD858 /* LaunchScreen.storyboard */; };
		B0198DDE24EBCE4D001CD858 /* Podfile in Resources */ = {isa = PBXBuildFile; fileRef = B0198DDD24EBCE4D001CD858 /* Podfile */; };
		B0198E0024EC40C0001CD858 /* UIColor+hex.swift in Sources */ = {isa = PBXBuildFile; fileRef = B0198DFF24EC40C0001CD858 /* UIColor+hex.swift */; };
		B06A014E2535FA75005C3B81 /* TodayView.swift in Sources */ = {isa = PBXBuildFile; fileRef = B06A014D2535FA75005C3B81 /* TodayView.swift */; };
		B06A015525371880005C3B81 /* MainTitleCell.swift in Sources */ = {isa = PBXBuildFile; fileRef = B06A015425371880005C3B81 /* MainTitleCell.swift */; };
		B06A015825371AB2005C3B81 /* MainImageCell.swift in Sources */ = {isa = PBXBuildFile; fileRef = B06A015725371AB2005C3B81 /* MainImageCell.swift */; };
		B06A015B25371BB8005C3B81 /* TodayMainSectionModel.swift in Sources */ = {isa = PBXBuildFile; fileRef = B06A015A25371BB8005C3B81 /* TodayMainSectionModel.swift */; };
		B06A015E25371C1C005C3B81 /* TodayMainSectionController.swift in Sources */ = {isa = PBXBuildFile; fileRef = B06A015D25371C1C005C3B81 /* TodayMainSectionController.swift */; };
		B06A0161253722A4005C3B81 /* MainFirstInfoCell.swift in Sources */ = {isa = PBXBuildFile; fileRef = B06A0160253722A4005C3B81 /* MainFirstInfoCell.swift */; };
		B06C2326253F4B55009E32CD /* CameraView.swift in Sources */ = {isa = PBXBuildFile; fileRef = B06C2325253F4B55009E32CD /* CameraView.swift */; };
		B06C232A253F4DFC009E32CD /* CameraController.swift in Sources */ = {isa = PBXBuildFile; fileRef = B06C2329253F4DFC009E32CD /* CameraController.swift */; };
		B06C23782549E62A009E32CD /* CameraPreviewView.swift in Sources */ = {isa = PBXBuildFile; fileRef = B06C23772549E62A009E32CD /* CameraPreviewView.swift */; };
		B06C237C2549EDA6009E32CD /* CameraVideoWriter.swift in Sources */ = {isa = PBXBuildFile; fileRef = B06C237B2549EDA6009E32CD /* CameraVideoWriter.swift */; };
		B0ED5B7F2524CF5E001617B7 /* TabItem.swift in Sources */ = {isa = PBXBuildFile; fileRef = B0ED5B7E2524CF5E001617B7 /* TabItem.swift */; };
		B0ED5B862524D5EF001617B7 /* SearchViewController.swift in Sources */ = {isa = PBXBuildFile; fileRef = B0ED5B852524D5EF001617B7 /* SearchViewController.swift */; };
		B0ED5B892524D631001617B7 /* TodayViewController.swift in Sources */ = {isa = PBXBuildFile; fileRef = B0ED5B882524D631001617B7 /* TodayViewController.swift */; };
		B0ED5B8C2524D65D001617B7 /* MyFTViewController.swift in Sources */ = {isa = PBXBuildFile; fileRef = B0ED5B8B2524D65D001617B7 /* MyFTViewController.swift */; };
		B0ED5B8F2524D677001617B7 /* MenuViewController.swift in Sources */ = {isa = PBXBuildFile; fileRef = B0ED5B8E2524D677001617B7 /* MenuViewController.swift */; };
		B0ED5B922524D6C1001617B7 /* TabBarController.swift in Sources */ = {isa = PBXBuildFile; fileRef = B0ED5B912524D6C1001617B7 /* TabBarController.swift */; };
		B0ED5B952524D815001617B7 /* TabNavigationMenu.swift in Sources */ = {isa = PBXBuildFile; fileRef = B0ED5B942524D815001617B7 /* TabNavigationMenu.swift */; };
/* End PBXBuildFile section */

/* Begin PBXFileReference section */
		009EB9E52A30BEA15EACC4AA /* Pods-FTNews.debug.xcconfig */ = {isa = PBXFileReference; includeInIndex = 1; lastKnownFileType = text.xcconfig; name = "Pods-FTNews.debug.xcconfig"; path = "Target Support Files/Pods-FTNews/Pods-FTNews.debug.xcconfig"; sourceTree = "<group>"; };
		B0198DC324E985FE001CD858 /* FTNews.app */ = {isa = PBXFileReference; explicitFileType = wrapper.application; includeInIndex = 0; path = FTNews.app; sourceTree = BUILT_PRODUCTS_DIR; };
		B0198DC624E985FE001CD858 /* AppDelegate.swift */ = {isa = PBXFileReference; lastKnownFileType = sourcecode.swift; path = AppDelegate.swift; sourceTree = "<group>"; };
		B0198DD024E985FE001CD858 /* FTNews.xcdatamodel */ = {isa = PBXFileReference; lastKnownFileType = wrapper.xcdatamodel; path = FTNews.xcdatamodel; sourceTree = "<group>"; };
		B0198DD224E98603001CD858 /* Assets.xcassets */ = {isa = PBXFileReference; lastKnownFileType = folder.assetcatalog; path = Assets.xcassets; sourceTree = "<group>"; };
		B0198DD524E98603001CD858 /* Base */ = {isa = PBXFileReference; lastKnownFileType = file.storyboard; name = Base; path = Base.lproj/LaunchScreen.storyboard; sourceTree = "<group>"; };
		B0198DD724E98603001CD858 /* Info.plist */ = {isa = PBXFileReference; lastKnownFileType = text.plist.xml; path = Info.plist; sourceTree = "<group>"; };
		B0198DDD24EBCE4D001CD858 /* Podfile */ = {isa = PBXFileReference; lastKnownFileType = text; path = Podfile; sourceTree = "<group>"; xcLanguageSpecificationIdentifier = xcode.lang.ruby; };
		B0198DFF24EC40C0001CD858 /* UIColor+hex.swift */ = {isa = PBXFileReference; lastKnownFileType = sourcecode.swift; path = "UIColor+hex.swift"; sourceTree = "<group>"; };
		B06A014D2535FA75005C3B81 /* TodayView.swift */ = {isa = PBXFileReference; lastKnownFileType = sourcecode.swift; path = TodayView.swift; sourceTree = "<group>"; };
		B06A015425371880005C3B81 /* MainTitleCell.swift */ = {isa = PBXFileReference; lastKnownFileType = sourcecode.swift; path = MainTitleCell.swift; sourceTree = "<group>"; };
		B06A015725371AB2005C3B81 /* MainImageCell.swift */ = {isa = PBXFileReference; lastKnownFileType = sourcecode.swift; path = MainImageCell.swift; sourceTree = "<group>"; };
		B06A015A25371BB8005C3B81 /* TodayMainSectionModel.swift */ = {isa = PBXFileReference; lastKnownFileType = sourcecode.swift; path = TodayMainSectionModel.swift; sourceTree = "<group>"; };
		B06A015D25371C1C005C3B81 /* TodayMainSectionController.swift */ = {isa = PBXFileReference; lastKnownFileType = sourcecode.swift; path = TodayMainSectionController.swift; sourceTree = "<group>"; };
		B06A0160253722A4005C3B81 /* MainFirstInfoCell.swift */ = {isa = PBXFileReference; lastKnownFileType = sourcecode.swift; path = MainFirstInfoCell.swift; sourceTree = "<group>"; };
		B06C2325253F4B55009E32CD /* CameraView.swift */ = {isa = PBXFileReference; lastKnownFileType = sourcecode.swift; path = CameraView.swift; sourceTree = "<group>"; };
		B06C2329253F4DFC009E32CD /* CameraController.swift */ = {isa = PBXFileReference; lastKnownFileType = sourcecode.swift; path = CameraController.swift; sourceTree = "<group>"; };
		B06C23772549E62A009E32CD /* CameraPreviewView.swift */ = {isa = PBXFileReference; lastKnownFileType = sourcecode.swift; path = CameraPreviewView.swift; sourceTree = "<group>"; };
		B06C237B2549EDA6009E32CD /* CameraVideoWriter.swift */ = {isa = PBXFileReference; lastKnownFileType = sourcecode.swift; path = CameraVideoWriter.swift; sourceTree = "<group>"; };
		B0ED5B7E2524CF5E001617B7 /* TabItem.swift */ = {isa = PBXFileReference; lastKnownFileType = sourcecode.swift; path = TabItem.swift; sourceTree = "<group>"; };
		B0ED5B852524D5EF001617B7 /* SearchViewController.swift */ = {isa = PBXFileReference; lastKnownFileType = sourcecode.swift; path = SearchViewController.swift; sourceTree = "<group>"; };
		B0ED5B882524D631001617B7 /* TodayViewController.swift */ = {isa = PBXFileReference; lastKnownFileType = sourcecode.swift; path = TodayViewController.swift; sourceTree = "<group>"; };
		B0ED5B8B2524D65D001617B7 /* MyFTViewController.swift */ = {isa = PBXFileReference; lastKnownFileType = sourcecode.swift; path = MyFTViewController.swift; sourceTree = "<group>"; };
		B0ED5B8E2524D677001617B7 /* MenuViewController.swift */ = {isa = PBXFileReference; lastKnownFileType = sourcecode.swift; path = MenuViewController.swift; sourceTree = "<group>"; };
		B0ED5B912524D6C1001617B7 /* TabBarController.swift */ = {isa = PBXFileReference; lastKnownFileType = sourcecode.swift; path = TabBarController.swift; sourceTree = "<group>"; };
		B0ED5B942524D815001617B7 /* TabNavigationMenu.swift */ = {isa = PBXFileReference; lastKnownFileType = sourcecode.swift; path = TabNavigationMenu.swift; sourceTree = "<group>"; };
		BC00A0F8D5FFB2F3206A48DE /* Pods-FTNews.release.xcconfig */ = {isa = PBXFileReference; includeInIndex = 1; lastKnownFileType = text.xcconfig; name = "Pods-FTNews.release.xcconfig"; path = "Target Support Files/Pods-FTNews/Pods-FTNews.release.xcconfig"; sourceTree = "<group>"; };
		C03527C1C6C35B691F108B4F /* Pods_FTNews.framework */ = {isa = PBXFileReference; explicitFileType = wrapper.framework; includeInIndex = 0; path = Pods_FTNews.framework; sourceTree = BUILT_PRODUCTS_DIR; };
/* End PBXFileReference section */

/* Begin PBXFrameworksBuildPhase section */
		B0198DC024E985FE001CD858 /* Frameworks */ = {
			isa = PBXFrameworksBuildPhase;
			buildActionMask = 2147483647;
			files = (
				4AE6C0C1D28B1C34103C4783 /* Pods_FTNews.framework in Frameworks */,
			);
			runOnlyForDeploymentPostprocessing = 0;
		};
/* End PBXFrameworksBuildPhase section */

/* Begin PBXGroup section */
		B0198DBA24E985FE001CD858 = {
			isa = PBXGroup;
			children = (
				B0198DDD24EBCE4D001CD858 /* Podfile */,
				B0198DC524E985FE001CD858 /* FTNews */,
				B0198DC424E985FE001CD858 /* Products */,
				D445EC1E3BB234B9C5C3141D /* Pods */,
				B5804CD906A4A4217C494B74 /* Frameworks */,
			);
			sourceTree = "<group>";
		};
		B0198DC424E985FE001CD858 /* Products */ = {
			isa = PBXGroup;
			children = (
				B0198DC324E985FE001CD858 /* FTNews.app */,
			);
			name = Products;
			sourceTree = "<group>";
		};
		B0198DC524E985FE001CD858 /* FTNews */ = {
			isa = PBXGroup;
			children = (
				B0ED5B7D2524CF3E001617B7 /* TabBar */,
				B0198DDF24EBD1A7001CD858 /* Flow */,
				B0198DE124EBD20E001CD858 /* Library */,
				B08EE3C425093B0E0082E055 /* AppDelegate */,
				B0198DD224E98603001CD858 /* Assets.xcassets */,
				B0198DD424E98603001CD858 /* LaunchScreen.storyboard */,
				B0198DD724E98603001CD858 /* Info.plist */,
				B0198DCF24E985FE001CD858 /* FTNews.xcdatamodeld */,
			);
			path = FTNews;
			sourceTree = "<group>";
		};
		B0198DDF24EBD1A7001CD858 /* Flow */ = {
			isa = PBXGroup;
			children = (
				B0ED5B812524D599001617B7 /* Search */,
				B0ED5B842524D5C8001617B7 /* Today */,
				B0ED5B832524D5C1001617B7 /* MyFT */,
				B0ED5B822524D5B0001617B7 /* Menu */,
			);
			path = Flow;
			sourceTree = "<group>";
		};
		B0198DE124EBD20E001CD858 /* Library */ = {
			isa = PBXGroup;
			children = (
				B0198DFE24EC409E001CD858 /* Extensions */,
			);
			path = Library;
			sourceTree = "<group>";
		};
		B0198DFE24EC409E001CD858 /* Extensions */ = {
			isa = PBXGroup;
			children = (
				B0198DFF24EC40C0001CD858 /* UIColor+hex.swift */,
			);
			path = Extensions;
			sourceTree = "<group>";
		};
		B06A014C2535FA65005C3B81 /* View */ = {
			isa = PBXGroup;
			children = (
				B06A015325371861005C3B81 /* Cell */,
				B06A014D2535FA75005C3B81 /* TodayView.swift */,
			);
			path = View;
			sourceTree = "<group>";
		};
		B06A0150253716B6005C3B81 /* SectionController */ = {
			isa = PBXGroup;
			children = (
				B06A015D25371C1C005C3B81 /* TodayMainSectionController.swift */,
			);
			path = SectionController;
			sourceTree = "<group>";
		};
		B06A0151253716CE005C3B81 /* SectionModel */ = {
			isa = PBXGroup;
			children = (
				B06A015A25371BB8005C3B81 /* TodayMainSectionModel.swift */,
			);
			path = SectionModel;
			sourceTree = "<group>";
		};
		B06A015325371861005C3B81 /* Cell */ = {
			isa = PBXGroup;
			children = (
				B06A015425371880005C3B81 /* MainTitleCell.swift */,
				B06A015725371AB2005C3B81 /* MainImageCell.swift */,
				B06A0160253722A4005C3B81 /* MainFirstInfoCell.swift */,
			);
			path = Cell;
			sourceTree = "<group>";
		};
		B06C2323253F4B2D009E32CD /* Test Camera Module */ = {
			isa = PBXGroup;
			children = (
				B06C2324253F4B40009E32CD /* View */,
				B06C2329253F4DFC009E32CD /* CameraController.swift */,
				B06C237B2549EDA6009E32CD /* CameraVideoWriter.swift */,
			);
			path = "Test Camera Module";
			sourceTree = "<group>";
		};
		B06C2324253F4B40009E32CD /* View */ = {
			isa = PBXGroup;
			children = (
				B06C2325253F4B55009E32CD /* CameraView.swift */,
				B06C23772549E62A009E32CD /* CameraPreviewView.swift */,
			);
			path = View;
			sourceTree = "<group>";
		};
		B08EE3C425093B0E0082E055 /* AppDelegate */ = {
			isa = PBXGroup;
			children = (
				B0198DC624E985FE001CD858 /* AppDelegate.swift */,
			);
			path = AppDelegate;
			sourceTree = "<group>";
		};
		B0ED5B7D2524CF3E001617B7 /* TabBar */ = {
			isa = PBXGroup;
			children = (
				B0ED5B7E2524CF5E001617B7 /* TabItem.swift */,
				B0ED5B912524D6C1001617B7 /* TabBarController.swift */,
				B0ED5B942524D815001617B7 /* TabNavigationMenu.swift */,
			);
			path = TabBar;
			sourceTree = "<group>";
		};
		B0ED5B812524D599001617B7 /* Search */ = {
			isa = PBXGroup;
			children = (
				B06C2323253F4B2D009E32CD /* Test Camera Module */,
				B0ED5B852524D5EF001617B7 /* SearchViewController.swift */,
			);
			path = Search;
			sourceTree = "<group>";
		};
		B0ED5B822524D5B0001617B7 /* Menu */ = {
			isa = PBXGroup;
			children = (
				B0ED5B8E2524D677001617B7 /* MenuViewController.swift */,
			);
			path = Menu;
			sourceTree = "<group>";
		};
		B0ED5B832524D5C1001617B7 /* MyFT */ = {
			isa = PBXGroup;
			children = (
				B0ED5B8B2524D65D001617B7 /* MyFTViewController.swift */,
			);
			path = MyFT;
			sourceTree = "<group>";
		};
		B0ED5B842524D5C8001617B7 /* Today */ = {
			isa = PBXGroup;
			children = (
				B06A0151253716CE005C3B81 /* SectionModel */,
				B06A0150253716B6005C3B81 /* SectionController */,
				B06A014C2535FA65005C3B81 /* View */,
				B0ED5B882524D631001617B7 /* TodayViewController.swift */,
			);
			path = Today;
			sourceTree = "<group>";
		};
		B5804CD906A4A4217C494B74 /* Frameworks */ = {
			isa = PBXGroup;
			children = (
				C03527C1C6C35B691F108B4F /* Pods_FTNews.framework */,
			);
			name = Frameworks;
			sourceTree = "<group>";
		};
		D445EC1E3BB234B9C5C3141D /* Pods */ = {
			isa = PBXGroup;
			children = (
				009EB9E52A30BEA15EACC4AA /* Pods-FTNews.debug.xcconfig */,
				BC00A0F8D5FFB2F3206A48DE /* Pods-FTNews.release.xcconfig */,
			);
			path = Pods;
			sourceTree = "<group>";
		};
/* End PBXGroup section */

/* Begin PBXNativeTarget section */
		B0198DC224E985FE001CD858 /* FTNews */ = {
			isa = PBXNativeTarget;
			buildConfigurationList = B0198DDA24E98603001CD858 /* Build configuration list for PBXNativeTarget "FTNews" */;
			buildPhases = (
				3247F89310DD7F080D55E939 /* [CP] Check Pods Manifest.lock */,
				B0198DBF24E985FE001CD858 /* Sources */,
				B0198DC024E985FE001CD858 /* Frameworks */,
				B0198DC124E985FE001CD858 /* Resources */,
				A2792DD0EBE54A16E1FC2051 /* [CP] Embed Pods Frameworks */,
			);
			buildRules = (
			);
			dependencies = (
			);
			name = FTNews;
			productName = FTNews;
			productReference = B0198DC324E985FE001CD858 /* FTNews.app */;
			productType = "com.apple.product-type.application";
		};
/* End PBXNativeTarget section */

/* Begin PBXProject section */
		B0198DBB24E985FE001CD858 /* Project object */ = {
			isa = PBXProject;
			attributes = {
				LastSwiftUpdateCheck = 1160;
				LastUpgradeCheck = 1160;
				ORGANIZATIONNAME = "Леганов Андрей";
				TargetAttributes = {
					B0198DC224E985FE001CD858 = {
						CreatedOnToolsVersion = 11.6;
					};
				};
			};
			buildConfigurationList = B0198DBE24E985FE001CD858 /* Build configuration list for PBXProject "FTNews" */;
			compatibilityVersion = "Xcode 9.3";
			developmentRegion = en;
			hasScannedForEncodings = 0;
			knownRegions = (
				en,
				Base,
			);
			mainGroup = B0198DBA24E985FE001CD858;
			productRefGroup = B0198DC424E985FE001CD858 /* Products */;
			projectDirPath = "";
			projectRoot = "";
			targets = (
				B0198DC224E985FE001CD858 /* FTNews */,
			);
		};
/* End PBXProject section */

/* Begin PBXResourcesBuildPhase section */
		B0198DC124E985FE001CD858 /* Resources */ = {
			isa = PBXResourcesBuildPhase;
			buildActionMask = 2147483647;
			files = (
				B0198DD624E98603001CD858 /* LaunchScreen.storyboard in Resources */,
				B0198DD324E98603001CD858 /* Assets.xcassets in Resources */,
				B0198DDE24EBCE4D001CD858 /* Podfile in Resources */,
			);
			runOnlyForDeploymentPostprocessing = 0;
		};
/* End PBXResourcesBuildPhase section */

/* Begin PBXShellScriptBuildPhase section */
		3247F89310DD7F080D55E939 /* [CP] Check Pods Manifest.lock */ = {
			isa = PBXShellScriptBuildPhase;
			buildActionMask = 2147483647;
			files = (
			);
			inputFileListPaths = (
			);
			inputPaths = (
				"${PODS_PODFILE_DIR_PATH}/Podfile.lock",
				"${PODS_ROOT}/Manifest.lock",
			);
			name = "[CP] Check Pods Manifest.lock";
			outputFileListPaths = (
			);
			outputPaths = (
				"$(DERIVED_FILE_DIR)/Pods-FTNews-checkManifestLockResult.txt",
			);
			runOnlyForDeploymentPostprocessing = 0;
			shellPath = /bin/sh;
			shellScript = "diff \"${PODS_PODFILE_DIR_PATH}/Podfile.lock\" \"${PODS_ROOT}/Manifest.lock\" > /dev/null\nif [ $? != 0 ] ; then\n    # print error to STDERR\n    echo \"error: The sandbox is not in sync with the Podfile.lock. Run 'pod install' or update your CocoaPods installation.\" >&2\n    exit 1\nfi\n# This output is used by Xcode 'outputs' to avoid re-running this script phase.\necho \"SUCCESS\" > \"${SCRIPT_OUTPUT_FILE_0}\"\n";
			showEnvVarsInLog = 0;
		};
		A2792DD0EBE54A16E1FC2051 /* [CP] Embed Pods Frameworks */ = {
			isa = PBXShellScriptBuildPhase;
			buildActionMask = 2147483647;
			files = (
			);
			inputFileListPaths = (
				"${PODS_ROOT}/Target Support Files/Pods-FTNews/Pods-FTNews-frameworks-${CONFIGURATION}-input-files.xcfilelist",
			);
			name = "[CP] Embed Pods Frameworks";
			outputFileListPaths = (
				"${PODS_ROOT}/Target Support Files/Pods-FTNews/Pods-FTNews-frameworks-${CONFIGURATION}-output-files.xcfilelist",
			);
			runOnlyForDeploymentPostprocessing = 0;
			shellPath = /bin/sh;
			shellScript = "\"${PODS_ROOT}/Target Support Files/Pods-FTNews/Pods-FTNews-frameworks.sh\"\n";
			showEnvVarsInLog = 0;
		};
/* End PBXShellScriptBuildPhase section */

/* Begin PBXSourcesBuildPhase section */
		B0198DBF24E985FE001CD858 /* Sources */ = {
			isa = PBXSourcesBuildPhase;
			buildActionMask = 2147483647;
			files = (
				B06C232A253F4DFC009E32CD /* CameraController.swift in Sources */,
				B0ED5B8C2524D65D001617B7 /* MyFTViewController.swift in Sources */,
				B0ED5B922524D6C1001617B7 /* TabBarController.swift in Sources */,
				B0ED5B892524D631001617B7 /* TodayViewController.swift in Sources */,
				B0198DC724E985FE001CD858 /* AppDelegate.swift in Sources */,
				B06A015E25371C1C005C3B81 /* TodayMainSectionController.swift in Sources */,
				B06A014E2535FA75005C3B81 /* TodayView.swift in Sources */,
				B06C237C2549EDA6009E32CD /* CameraVideoWriter.swift in Sources */,
				B0198DD124E985FE001CD858 /* FTNews.xcdatamodeld in Sources */,
				B0ED5B862524D5EF001617B7 /* SearchViewController.swift in Sources */,
				B0ED5B952524D815001617B7 /* TabNavigationMenu.swift in Sources */,
				B06A015B25371BB8005C3B81 /* TodayMainSectionModel.swift in Sources */,
				B06C23782549E62A009E32CD /* CameraPreviewView.swift in Sources */,
				B06A015825371AB2005C3B81 /* MainImageCell.swift in Sources */,
				B06A0161253722A4005C3B81 /* MainFirstInfoCell.swift in Sources */,
				B06C2326253F4B55009E32CD /* CameraView.swift in Sources */,
				B0ED5B7F2524CF5E001617B7 /* TabItem.swift in Sources */,
				B06A015525371880005C3B81 /* MainTitleCell.swift in Sources */,
				B0198E0024EC40C0001CD858 /* UIColor+hex.swift in Sources */,
				B0ED5B8F2524D677001617B7 /* MenuViewController.swift in Sources */,
			);
			runOnlyForDeploymentPostprocessing = 0;
		};
/* End PBXSourcesBuildPhase section */

/* Begin PBXVariantGroup section */
		B0198DD424E98603001CD858 /* LaunchScreen.storyboard */ = {
			isa = PBXVariantGroup;
			children = (
				B0198DD524E98603001CD858 /* Base */,
			);
			name = LaunchScreen.storyboard;
			sourceTree = "<group>";
		};
/* End PBXVariantGroup section */

/* Begin XCBuildConfiguration section */
		B0198DD824E98603001CD858 /* Debug */ = {
			isa = XCBuildConfiguration;
			buildSettings = {
				ALWAYS_SEARCH_USER_PATHS = NO;
				CLANG_ANALYZER_NONNULL = YES;
				CLANG_ANALYZER_NUMBER_OBJECT_CONVERSION = YES_AGGRESSIVE;
				CLANG_CXX_LANGUAGE_STANDARD = "gnu++14";
				CLANG_CXX_LIBRARY = "libc++";
				CLANG_ENABLE_MODULES = YES;
				CLANG_ENABLE_OBJC_ARC = YES;
				CLANG_ENABLE_OBJC_WEAK = YES;
				CLANG_WARN_BLOCK_CAPTURE_AUTORELEASING = YES;
				CLANG_WARN_BOOL_CONVERSION = YES;
				CLANG_WARN_COMMA = YES;
				CLANG_WARN_CONSTANT_CONVERSION = YES;
				CLANG_WARN_DEPRECATED_OBJC_IMPLEMENTATIONS = YES;
				CLANG_WARN_DIRECT_OBJC_ISA_USAGE = YES_ERROR;
				CLANG_WARN_DOCUMENTATION_COMMENTS = YES;
				CLANG_WARN_EMPTY_BODY = YES;
				CLANG_WARN_ENUM_CONVERSION = YES;
				CLANG_WARN_INFINITE_RECURSION = YES;
				CLANG_WARN_INT_CONVERSION = YES;
				CLANG_WARN_NON_LITERAL_NULL_CONVERSION = YES;
				CLANG_WARN_OBJC_IMPLICIT_RETAIN_SELF = YES;
				CLANG_WARN_OBJC_LITERAL_CONVERSION = YES;
				CLANG_WARN_OBJC_ROOT_CLASS = YES_ERROR;
				CLANG_WARN_RANGE_LOOP_ANALYSIS = YES;
				CLANG_WARN_STRICT_PROTOTYPES = YES;
				CLANG_WARN_SUSPICIOUS_MOVE = YES;
				CLANG_WARN_UNGUARDED_AVAILABILITY = YES_AGGRESSIVE;
				CLANG_WARN_UNREACHABLE_CODE = YES;
				CLANG_WARN__DUPLICATE_METHOD_MATCH = YES;
				COPY_PHASE_STRIP = NO;
				DEBUG_INFORMATION_FORMAT = dwarf;
				ENABLE_STRICT_OBJC_MSGSEND = YES;
				ENABLE_TESTABILITY = YES;
				GCC_C_LANGUAGE_STANDARD = gnu11;
				GCC_DYNAMIC_NO_PIC = NO;
				GCC_NO_COMMON_BLOCKS = YES;
				GCC_OPTIMIZATION_LEVEL = 0;
				GCC_PREPROCESSOR_DEFINITIONS = (
					"DEBUG=1",
					"$(inherited)",
				);
				GCC_WARN_64_TO_32_BIT_CONVERSION = YES;
				GCC_WARN_ABOUT_RETURN_TYPE = YES_ERROR;
				GCC_WARN_UNDECLARED_SELECTOR = YES;
				GCC_WARN_UNINITIALIZED_AUTOS = YES_AGGRESSIVE;
				GCC_WARN_UNUSED_FUNCTION = YES;
				GCC_WARN_UNUSED_VARIABLE = YES;
				IPHONEOS_DEPLOYMENT_TARGET = 13.6;
				MTL_ENABLE_DEBUG_INFO = INCLUDE_SOURCE;
				MTL_FAST_MATH = YES;
				ONLY_ACTIVE_ARCH = YES;
				SDKROOT = iphoneos;
				SWIFT_ACTIVE_COMPILATION_CONDITIONS = DEBUG;
				SWIFT_OPTIMIZATION_LEVEL = "-Onone";
			};
			name = Debug;
		};
		B0198DD924E98603001CD858 /* Release */ = {
			isa = XCBuildConfiguration;
			buildSettings = {
				ALWAYS_SEARCH_USER_PATHS = NO;
				CLANG_ANALYZER_NONNULL = YES;
				CLANG_ANALYZER_NUMBER_OBJECT_CONVERSION = YES_AGGRESSIVE;
				CLANG_CXX_LANGUAGE_STANDARD = "gnu++14";
				CLANG_CXX_LIBRARY = "libc++";
				CLANG_ENABLE_MODULES = YES;
				CLANG_ENABLE_OBJC_ARC = YES;
				CLANG_ENABLE_OBJC_WEAK = YES;
				CLANG_WARN_BLOCK_CAPTURE_AUTORELEASING = YES;
				CLANG_WARN_BOOL_CONVERSION = YES;
				CLANG_WARN_COMMA = YES;
				CLANG_WARN_CONSTANT_CONVERSION = YES;
				CLANG_WARN_DEPRECATED_OBJC_IMPLEMENTATIONS = YES;
				CLANG_WARN_DIRECT_OBJC_ISA_USAGE = YES_ERROR;
				CLANG_WARN_DOCUMENTATION_COMMENTS = YES;
				CLANG_WARN_EMPTY_BODY = YES;
				CLANG_WARN_ENUM_CONVERSION = YES;
				CLANG_WARN_INFINITE_RECURSION = YES;
				CLANG_WARN_INT_CONVERSION = YES;
				CLANG_WARN_NON_LITERAL_NULL_CONVERSION = YES;
				CLANG_WARN_OBJC_IMPLICIT_RETAIN_SELF = YES;
				CLANG_WARN_OBJC_LITERAL_CONVERSION = YES;
				CLANG_WARN_OBJC_ROOT_CLASS = YES_ERROR;
				CLANG_WARN_RANGE_LOOP_ANALYSIS = YES;
				CLANG_WARN_STRICT_PROTOTYPES = YES;
				CLANG_WARN_SUSPICIOUS_MOVE = YES;
				CLANG_WARN_UNGUARDED_AVAILABILITY = YES_AGGRESSIVE;
				CLANG_WARN_UNREACHABLE_CODE = YES;
				CLANG_WARN__DUPLICATE_METHOD_MATCH = YES;
				COPY_PHASE_STRIP = NO;
				DEBUG_INFORMATION_FORMAT = "dwarf-with-dsym";
				ENABLE_NS_ASSERTIONS = NO;
				ENABLE_STRICT_OBJC_MSGSEND = YES;
				GCC_C_LANGUAGE_STANDARD = gnu11;
				GCC_NO_COMMON_BLOCKS = YES;
				GCC_WARN_64_TO_32_BIT_CONVERSION = YES;
				GCC_WARN_ABOUT_RETURN_TYPE = YES_ERROR;
				GCC_WARN_UNDECLARED_SELECTOR = YES;
				GCC_WARN_UNINITIALIZED_AUTOS = YES_AGGRESSIVE;
				GCC_WARN_UNUSED_FUNCTION = YES;
				GCC_WARN_UNUSED_VARIABLE = YES;
				IPHONEOS_DEPLOYMENT_TARGET = 13.6;
				MTL_ENABLE_DEBUG_INFO = NO;
				MTL_FAST_MATH = YES;
				SDKROOT = iphoneos;
				SWIFT_COMPILATION_MODE = wholemodule;
				SWIFT_OPTIMIZATION_LEVEL = "-O";
				VALIDATE_PRODUCT = YES;
			};
			name = Release;
		};
		B0198DDB24E98603001CD858 /* Debug */ = {
			isa = XCBuildConfiguration;
			baseConfigurationReference = 009EB9E52A30BEA15EACC4AA /* Pods-FTNews.debug.xcconfig */;
			buildSettings = {
				ASSETCATALOG_COMPILER_APPICON_NAME = AppIcon;
				CODE_SIGN_STYLE = Automatic;
				DEVELOPMENT_TEAM = ZMQ4ZK98M9;
				INFOPLIST_FILE = FTNews/Info.plist;
				IPHONEOS_DEPLOYMENT_TARGET = 13.0;
				LD_RUNPATH_SEARCH_PATHS = (
					"$(inherited)",
					"@executable_path/Frameworks",
				);
				MACOSX_DEPLOYMENT_TARGET = 10.11;
				PRODUCT_BUNDLE_IDENTIFIER = andreyleganov.FTNews;
				PRODUCT_NAME = "$(TARGET_NAME)";
				SWIFT_VERSION = 5.0;
				TARGETED_DEVICE_FAMILY = "1,2";
			};
			name = Debug;
		};
		B0198DDC24E98603001CD858 /* Release */ = {
			isa = XCBuildConfiguration;
			baseConfigurationReference = BC00A0F8D5FFB2F3206A48DE /* Pods-FTNews.release.xcconfig */;
			buildSettings = {
				ASSETCATALOG_COMPILER_APPICON_NAME = AppIcon;
				CODE_SIGN_STYLE = Automatic;
				DEVELOPMENT_TEAM = ZMQ4ZK98M9;
				INFOPLIST_FILE = FTNews/Info.plist;
				IPHONEOS_DEPLOYMENT_TARGET = 13.0;
				LD_RUNPATH_SEARCH_PATHS = (
					"$(inherited)",
					"@executable_path/Frameworks",
				);
				MACOSX_DEPLOYMENT_TARGET = 10.11;
				PRODUCT_BUNDLE_IDENTIFIER = andreyleganov.FTNews;
				PRODUCT_NAME = "$(TARGET_NAME)";
				SWIFT_VERSION = 5.0;
				TARGETED_DEVICE_FAMILY = "1,2";
			};
			name = Release;
		};
/* End XCBuildConfiguration section */

/* Begin XCConfigurationList section */
		B0198DBE24E985FE001CD858 /* Build configuration list for PBXProject "FTNews" */ = {
			isa = XCConfigurationList;
			buildConfigurations = (
				B0198DD824E98603001CD858 /* Debug */,
				B0198DD924E98603001CD858 /* Release */,
			);
			defaultConfigurationIsVisible = 0;
			defaultConfigurationName = Release;
		};
		B0198DDA24E98603001CD858 /* Build configuration list for PBXNativeTarget "FTNews" */ = {
			isa = XCConfigurationList;
			buildConfigurations = (
				B0198DDB24E98603001CD858 /* Debug */,
				B0198DDC24E98603001CD858 /* Release */,
			);
			defaultConfigurationIsVisible = 0;
			defaultConfigurationName = Release;
		};
/* End XCConfigurationList section */

/* Begin XCVersionGroup section */
		B0198DCF24E985FE001CD858 /* FTNews.xcdatamodeld */ = {
			isa = XCVersionGroup;
			children = (
				B0198DD024E985FE001CD858 /* FTNews.xcdatamodel */,
			);
			currentVersion = B0198DD024E985FE001CD858 /* FTNews.xcdatamodel */;
			path = FTNews.xcdatamodeld;
			sourceTree = "<group>";
			versionGroupType = wrapper.xcdatamodel;
		};
/* End XCVersionGroup section */
	};
	rootObject = B0198DBB24E985FE001CD858 /* Project object */;
}
